
Microsoft Visual Studio Solution File, Format Version 12.00
# Visual Studio Version 16
VisualStudioVersion = 16.0.31112.23
MinimumVisualStudioVersion = 10.0.40219.1
Project("{8BC9CEB8-8B4A-11D0-8D11-00A0C91BC942}") = "skse64_common", "skse64_common\skse64_common.vcxproj", "{5FD1C08D-DB80-480C-A1C6-F0920005CD13}"
EndProject
Project("{8BC9CEB8-8B4A-11D0-8D11-00A0C91BC942}") = "skse64", "skse64\skse64.vcxproj", "{7028B79C-06E3-4D9A-B38C-1DC3680B1BDB}"
EndProject
Project("{8BC9CEB8-8B4A-11D0-8D11-00A0C91BC942}") = "common_vc14", "..\common\common_vc14.vcxproj", "{472E19AB-DEF0-42DF-819B-18722E8DC822}"
EndProject
Project("{8BC9CEB8-8B4A-11D0-8D11-00A0C91BC942}") = "jpService", "jpService\jpService.vcxproj", "{A2FC593E-60D9-45BF-AD11-2DADC201F862}"
EndProject
Project("{8BC9CEB8-8B4A-11D0-8D11-00A0C91BC942}") = "jpClient", "jpClient\jpClient.vcxproj", "{9E462613-A2A8-4071-AB16-05B2E86E6990}"
EndProject
Global
	GlobalSection(SolutionConfigurationPlatforms) = preSolution
		Debug_dll|x64 = Debug_dll|x64
		Debug_dll|x86 = Debug_dll|x86
		Debug|x64 = Debug|x64
		Debug|x86 = Debug|x86
		Release_dll|x64 = Release_dll|x64
		Release_dll|x86 = Release_dll|x86
		Release|x64 = Release|x64
		Release|x86 = Release|x86
	EndGlobalSection
	GlobalSection(ProjectConfigurationPlatforms) = postSolution
		{5FD1C08D-DB80-480C-A1C6-F0920005CD13}.Debug_dll|x64.ActiveCfg = Debug|x64
		{5FD1C08D-DB80-480C-A1C6-F0920005CD13}.Debug_dll|x64.Build.0 = Debug|x64
		{5FD1C08D-DB80-480C-A1C6-F0920005CD13}.Debug_dll|x86.ActiveCfg = Release|x64
		{5FD1C08D-DB80-480C-A1C6-F0920005CD13}.Debug_dll|x86.Build.0 = Release|x64
		{5FD1C08D-DB80-480C-A1C6-F0920005CD13}.Debug|x64.ActiveCfg = Debug|x64
		{5FD1C08D-DB80-480C-A1C6-F0920005CD13}.Debug|x64.Build.0 = Debug|x64
		{5FD1C08D-DB80-480C-A1C6-F0920005CD13}.Debug|x86.ActiveCfg = Debug|x64
		{5FD1C08D-DB80-480C-A1C6-F0920005CD13}.Release_dll|x64.ActiveCfg = Release|x64
		{5FD1C08D-DB80-480C-A1C6-F0920005CD13}.Release_dll|x64.Build.0 = Release|x64
		{5FD1C08D-DB80-480C-A1C6-F0920005CD13}.Release_dll|x86.ActiveCfg = Release|x64
		{5FD1C08D-DB80-480C-A1C6-F0920005CD13}.Release_dll|x86.Build.0 = Release|x64
		{5FD1C08D-DB80-480C-A1C6-F0920005CD13}.Release|x64.ActiveCfg = Release|x64
		{5FD1C08D-DB80-480C-A1C6-F0920005CD13}.Release|x64.Build.0 = Release|x64
		{5FD1C08D-DB80-480C-A1C6-F0920005CD13}.Release|x86.ActiveCfg = Release|x64
		{7028B79C-06E3-4D9A-B38C-1DC3680B1BDB}.Debug_dll|x64.ActiveCfg = Debug_dll|x64
		{7028B79C-06E3-4D9A-B38C-1DC3680B1BDB}.Debug_dll|x64.Build.0 = Debug_dll|x64
		{7028B79C-06E3-4D9A-B38C-1DC3680B1BDB}.Debug_dll|x86.ActiveCfg = Debug_dll|x64
		{7028B79C-06E3-4D9A-B38C-1DC3680B1BDB}.Debug|x64.ActiveCfg = Debug|x64
		{7028B79C-06E3-4D9A-B38C-1DC3680B1BDB}.Debug|x64.Build.0 = Debug|x64
		{7028B79C-06E3-4D9A-B38C-1DC3680B1BDB}.Debug|x86.ActiveCfg = Debug|x64
		{7028B79C-06E3-4D9A-B38C-1DC3680B1BDB}.Release_dll|x64.ActiveCfg = Release_dll|x64
		{7028B79C-06E3-4D9A-B38C-1DC3680B1BDB}.Release_dll|x64.Build.0 = Release_dll|x64
		{7028B79C-06E3-4D9A-B38C-1DC3680B1BDB}.Release_dll|x86.ActiveCfg = Release_dll|x64
		{7028B79C-06E3-4D9A-B38C-1DC3680B1BDB}.Release|x64.ActiveCfg = Release|x64
		{7028B79C-06E3-4D9A-B38C-1DC3680B1BDB}.Release|x64.Build.0 = Release|x64
		{7028B79C-06E3-4D9A-B38C-1DC3680B1BDB}.Release|x86.ActiveCfg = Release|x64
		{472E19AB-DEF0-42DF-819B-18722E8DC822}.Debug_dll|x64.ActiveCfg = Debug|x64
		{472E19AB-DEF0-42DF-819B-18722E8DC822}.Debug_dll|x64.Build.0 = Debug|x64
		{472E19AB-DEF0-42DF-819B-18722E8DC822}.Debug_dll|x86.ActiveCfg = Release|x64
		{472E19AB-DEF0-42DF-819B-18722E8DC822}.Debug_dll|x86.Build.0 = Release|x64
		{472E19AB-DEF0-42DF-819B-18722E8DC822}.Debug|x64.ActiveCfg = Debug|x64
		{472E19AB-DEF0-42DF-819B-18722E8DC822}.Debug|x64.Build.0 = Debug|x64
		{472E19AB-DEF0-42DF-819B-18722E8DC822}.Debug|x86.ActiveCfg = Debug|x64
		{472E19AB-DEF0-42DF-819B-18722E8DC822}.Release_dll|x64.ActiveCfg = Release|x64
		{472E19AB-DEF0-42DF-819B-18722E8DC822}.Release_dll|x64.Build.0 = Release|x64
		{472E19AB-DEF0-42DF-819B-18722E8DC822}.Release_dll|x86.ActiveCfg = Release|x64
		{472E19AB-DEF0-42DF-819B-18722E8DC822}.Release_dll|x86.Build.0 = Release|x64
		{472E19AB-DEF0-42DF-819B-18722E8DC822}.Release|x64.ActiveCfg = Release|x64
		{472E19AB-DEF0-42DF-819B-18722E8DC822}.Release|x64.Build.0 = Release|x64
		{472E19AB-DEF0-42DF-819B-18722E8DC822}.Release|x86.ActiveCfg = Release|x64
		{A2FC593E-60D9-45BF-AD11-2DADC201F862}.Debug_dll|x64.ActiveCfg = Debug|x64
		{A2FC593E-60D9-45BF-AD11-2DADC201F862}.Debug_dll|x64.Build.0 = Debug|x64
		{A2FC593E-60D9-45BF-AD11-2DADC201F862}.Debug_dll|x86.ActiveCfg = Debug|x64
		{A2FC593E-60D9-45BF-AD11-2DADC201F862}.Debug|x64.ActiveCfg = Debug|x64
		{A2FC593E-60D9-45BF-AD11-2DADC201F862}.Debug|x64.Build.0 = Debug|x64
		{A2FC593E-60D9-45BF-AD11-2DADC201F862}.Debug|x86.ActiveCfg = Debug|x64
		{A2FC593E-60D9-45BF-AD11-2DADC201F862}.Release_dll|x64.ActiveCfg = Release|x64
		{A2FC593E-60D9-45BF-AD11-2DADC201F862}.Release_dll|x64.Build.0 = Release|x64
		{A2FC593E-60D9-45BF-AD11-2DADC201F862}.Release_dll|x86.ActiveCfg = Debug|x64
		{A2FC593E-60D9-45BF-AD11-2DADC201F862}.Release|x64.ActiveCfg = Release|x64
		{A2FC593E-60D9-45BF-AD11-2DADC201F862}.Release|x64.Build.0 = Release|x64
		{A2FC593E-60D9-45BF-AD11-2DADC201F862}.Release|x86.ActiveCfg = Release|x64
		{9E462613-A2A8-4071-AB16-05B2E86E6990}.Debug_dll|x64.ActiveCfg = Debug|x64
		{9E462613-A2A8-4071-AB16-05B2E86E6990}.Debug_dll|x64.Build.0 = Debug|x64
		{9E462613-A2A8-4071-AB16-05B2E86E6990}.Debug_dll|x86.ActiveCfg = Debug|x64
		{9E462613-A2A8-4071-AB16-05B2E86E6990}.Debug|x64.ActiveCfg = Debug|x64
		{9E462613-A2A8-4071-AB16-05B2E86E6990}.Debug|x64.Build.0 = Debug|x64
		{9E462613-A2A8-4071-AB16-05B2E86E6990}.Debug|x86.ActiveCfg = Debug|x64
		{9E462613-A2A8-4071-AB16-05B2E86E6990}.Release_dll|x64.ActiveCfg = Release|x64
		{9E462613-A2A8-4071-AB16-05B2E86E6990}.Release_dll|x64.Build.0 = Release|x64
		{9E462613-A2A8-4071-AB16-05B2E86E6990}.Release_dll|x86.ActiveCfg = Release|x64
		{9E462613-A2A8-4071-AB16-05B2E86E6990}.Release|x64.ActiveCfg = Release|x64
		{9E462613-A2A8-4071-AB16-05B2E86E6990}.Release|x64.Build.0 = Release|x64
		{9E462613-A2A8-4071-AB16-05B2E86E6990}.Release|x86.ActiveCfg = Release|x64
	EndGlobalSection
	GlobalSection(SolutionProperties) = preSolution
		HideSolutionNode = FALSE
	EndGlobalSection
	GlobalSection(ExtensibilityGlobals) = postSolution
		SolutionGuid = {26709489-1263-455B-B795-1D8468709B7A}
	EndGlobalSection
EndGlobal
